// !$*UTF8*$!
{
	archiveVersion = 1;
	classes = {
	};
	objectVersion = 50;
	objects = {

/* Begin PBXBuildFile section */
		AA71FEEE260B30D900AB153D /* CircleImage.swift in Sources */ = {isa = PBXBuildFile; fileRef = AA71FEED260B30D900AB153D /* CircleImage.swift */; };
		AA71FEEF260B30D900AB153D /* CircleImage.swift in Sources */ = {isa = PBXBuildFile; fileRef = AA71FEED260B30D900AB153D /* CircleImage.swift */; };
		AA71FEF5260B358900AB153D /* MapView.swift in Sources */ = {isa = PBXBuildFile; fileRef = AA71FEF4260B358900AB153D /* MapView.swift */; };
		AA71FEF6260B358900AB153D /* MapView.swift in Sources */ = {isa = PBXBuildFile; fileRef = AA71FEF4260B358900AB153D /* MapView.swift */; };
		AA880FA6260AF8F400208EE6 /* Tests_iOS.swift in Sources */ = {isa = PBXBuildFile; fileRef = AA880FA5260AF8F400208EE6 /* Tests_iOS.swift */; };
		AA880FB1260AF8F400208EE6 /* Tests_macOS.swift in Sources */ = {isa = PBXBuildFile; fileRef = AA880FB0260AF8F400208EE6 /* Tests_macOS.swift */; };
		AA880FB3260AF8F400208EE6 /* LandmarksApp.swift in Sources */ = {isa = PBXBuildFile; fileRef = AA880F8A260AF8F400208EE6 /* LandmarksApp.swift */; };
		AA880FB4260AF8F400208EE6 /* LandmarksApp.swift in Sources */ = {isa = PBXBuildFile; fileRef = AA880F8A260AF8F400208EE6 /* LandmarksApp.swift */; };
		AA880FB5260AF8F400208EE6 /* ContentView.swift in Sources */ = {isa = PBXBuildFile; fileRef = AA880F8B260AF8F400208EE6 /* ContentView.swift */; };
		AA880FB6260AF8F400208EE6 /* ContentView.swift in Sources */ = {isa = PBXBuildFile; fileRef = AA880F8B260AF8F400208EE6 /* ContentView.swift */; };
		AA880FB7260AF8F400208EE6 /* Assets.xcassets in Resources */ = {isa = PBXBuildFile; fileRef = AA880F8C260AF8F400208EE6 /* Assets.xcassets */; };
		AA880FB8260AF8F400208EE6 /* Assets.xcassets in Resources */ = {isa = PBXBuildFile; fileRef = AA880F8C260AF8F400208EE6 /* Assets.xcassets */; };
/* End PBXBuildFile section */

/* Begin PBXContainerItemProxy section */
		AA880FA2260AF8F400208EE6 /* PBXContainerItemProxy */ = {
			isa = PBXContainerItemProxy;
			containerPortal = AA880F85260AF8F400208EE6 /* Project object */;
			proxyType = 1;
			remoteGlobalIDString = AA880F90260AF8F400208EE6;
			remoteInfo = "Landmarks (iOS)";
		};
		AA880FAD260AF8F400208EE6 /* PBXContainerItemProxy */ = {
			isa = PBXContainerItemProxy;
			containerPortal = AA880F85260AF8F400208EE6 /* Project object */;
			proxyType = 1;
			remoteGlobalIDString = AA880F98260AF8F400208EE6;
			remoteInfo = "Landmarks (macOS)";
		};
/* End PBXContainerItemProxy section */

/* Begin PBXFileReference section */
		AA71FEED260B30D900AB153D /* CircleImage.swift */ = {isa = PBXFileReference; lastKnownFileType = sourcecode.swift; path = CircleImage.swift; sourceTree = "<group>"; };
		AA71FEF4260B358900AB153D /* MapView.swift */ = {isa = PBXFileReference; lastKnownFileType = sourcecode.swift; path = MapView.swift; sourceTree = "<group>"; };
		AA880F8A260AF8F400208EE6 /* LandmarksApp.swift */ = {isa = PBXFileReference; lastKnownFileType = sourcecode.swift; path = LandmarksApp.swift; sourceTree = "<group>"; };
		AA880F8B260AF8F400208EE6 /* ContentView.swift */ = {isa = PBXFileReference; lastKnownFileType = sourcecode.swift; path = ContentView.swift; sourceTree = "<group>"; };
		AA880F8C260AF8F400208EE6 /* Assets.xcassets */ = {isa = PBXFileReference; lastKnownFileType = folder.assetcatalog; path = Assets.xcassets; sourceTree = "<group>"; };
		AA880F91260AF8F400208EE6 /* Landmarks.app */ = {isa = PBXFileReference; explicitFileType = wrapper.application; includeInIndex = 0; path = Landmarks.app; sourceTree = BUILT_PRODUCTS_DIR; };
		AA880F94260AF8F400208EE6 /* Info.plist */ = {isa = PBXFileReference; lastKnownFileType = text.plist.xml; path = Info.plist; sourceTree = "<group>"; };
		AA880F99260AF8F400208EE6 /* Landmarks.app */ = {isa = PBXFileReference; explicitFileType = wrapper.application; includeInIndex = 0; path = Landmarks.app; sourceTree = BUILT_PRODUCTS_DIR; };
		AA880F9B260AF8F400208EE6 /* Info.plist */ = {isa = PBXFileReference; lastKnownFileType = text.plist.xml; path = Info.plist; sourceTree = "<group>"; };
		AA880F9C260AF8F400208EE6 /* macOS.entitlements */ = {isa = PBXFileReference; lastKnownFileType = text.plist.entitlements; path = macOS.entitlements; sourceTree = "<group>"; };
		AA880FA1260AF8F400208EE6 /* Tests iOS.xctest */ = {isa = PBXFileReference; explicitFileType = wrapper.cfbundle; includeInIndex = 0; path = "Tests iOS.xctest"; sourceTree = BUILT_PRODUCTS_DIR; };
		AA880FA5260AF8F400208EE6 /* Tests_iOS.swift */ = {isa = PBXFileReference; lastKnownFileType = sourcecode.swift; path = Tests_iOS.swift; sourceTree = "<group>"; };
		AA880FA7260AF8F400208EE6 /* Info.plist */ = {isa = PBXFileReference; lastKnownFileType = text.plist.xml; path = Info.plist; sourceTree = "<group>"; };
		AA880FAC260AF8F400208EE6 /* Tests macOS.xctest */ = {isa = PBXFileReference; explicitFileType = wrapper.cfbundle; includeInIndex = 0; path = "Tests macOS.xctest"; sourceTree = BUILT_PRODUCTS_DIR; };
		AA880FB0260AF8F400208EE6 /* Tests_macOS.swift */ = {isa = PBXFileReference; lastKnownFileType = sourcecode.swift; path = Tests_macOS.swift; sourceTree = "<group>"; };
		AA880FB2260AF8F400208EE6 /* Info.plist */ = {isa = PBXFileReference; lastKnownFileType = text.plist.xml; path = Info.plist; sourceTree = "<group>"; };
/* End PBXFileReference section */

/* Begin PBXFrameworksBuildPhase section */
		AA880F8E260AF8F400208EE6 /* Frameworks */ = {
			isa = PBXFrameworksBuildPhase;
			buildActionMask = 2147483647;
			files = (
			);
			runOnlyForDeploymentPostprocessing = 0;
		};
		AA880F96260AF8F400208EE6 /* Frameworks */ = {
			isa = PBXFrameworksBuildPhase;
			buildActionMask = 2147483647;
			files = (
			);
			runOnlyForDeploymentPostprocessing = 0;
		};
		AA880F9E260AF8F400208EE6 /* Frameworks */ = {
			isa = PBXFrameworksBuildPhase;
			buildActionMask = 2147483647;
			files = (
			);
			runOnlyForDeploymentPostprocessing = 0;
		};
		AA880FA9260AF8F400208EE6 /* Frameworks */ = {
			isa = PBXFrameworksBuildPhase;
			buildActionMask = 2147483647;
			files = (
			);
			runOnlyForDeploymentPostprocessing = 0;
		};
/* End PBXFrameworksBuildPhase section */

/* Begin PBXGroup section */
		AA880F84260AF8F400208EE6 = {
			isa = PBXGroup;
			children = (
				AA880F89260AF8F400208EE6 /* Shared */,
				AA880F93260AF8F400208EE6 /* iOS */,
				AA880F9A260AF8F400208EE6 /* macOS */,
				AA880FA4260AF8F400208EE6 /* Tests iOS */,
				AA880FAF260AF8F400208EE6 /* Tests macOS */,
				AA880F92260AF8F400208EE6 /* Products */,
			);
			sourceTree = "<group>";
		};
		AA880F89260AF8F400208EE6 /* Shared */ = {
			isa = PBXGroup;
			children = (
				AA880F8A260AF8F400208EE6 /* LandmarksApp.swift */,
				AA880F8B260AF8F400208EE6 /* ContentView.swift */,
				AA880F8C260AF8F400208EE6 /* Assets.xcassets */,
				AA71FEED260B30D900AB153D /* CircleImage.swift */,
				AA71FEF4260B358900AB153D /* MapView.swift */,
			);
			path = Shared;
			sourceTree = "<group>";
		};
		AA880F92260AF8F400208EE6 /* Products */ = {
			isa = PBXGroup;
			children = (
				AA880F91260AF8F400208EE6 /* Landmarks.app */,
				AA880F99260AF8F400208EE6 /* Landmarks.app */,
				AA880FA1260AF8F400208EE6 /* Tests iOS.xctest */,
				AA880FAC260AF8F400208EE6 /* Tests macOS.xctest */,
			);
			name = Products;
			sourceTree = "<group>";
		};
		AA880F93260AF8F400208EE6 /* iOS */ = {
			isa = PBXGroup;
			children = (
				AA880F94260AF8F400208EE6 /* Info.plist */,
			);
			path = iOS;
			sourceTree = "<group>";
		};
		AA880F9A260AF8F400208EE6 /* macOS */ = {
			isa = PBXGroup;
			children = (
				AA880F9B260AF8F400208EE6 /* Info.plist */,
				AA880F9C260AF8F400208EE6 /* macOS.entitlements */,
			);
			path = macOS;
			sourceTree = "<group>";
		};
		AA880FA4260AF8F400208EE6 /* Tests iOS */ = {
			isa = PBXGroup;
			children = (
				AA880FA5260AF8F400208EE6 /* Tests_iOS.swift */,
				AA880FA7260AF8F400208EE6 /* Info.plist */,
			);
			path = "Tests iOS";
			sourceTree = "<group>";
		};
		AA880FAF260AF8F400208EE6 /* Tests macOS */ = {
			isa = PBXGroup;
			children = (
				AA880FB0260AF8F400208EE6 /* Tests_macOS.swift */,
				AA880FB2260AF8F400208EE6 /* Info.plist */,
			);
			path = "Tests macOS";
			sourceTree = "<group>";
		};
/* End PBXGroup section */

/* Begin PBXNativeTarget section */
		AA880F90260AF8F400208EE6 /* Landmarks (iOS) */ = {
			isa = PBXNativeTarget;
			buildConfigurationList = AA880FBB260AF8F400208EE6 /* Build configuration list for PBXNativeTarget "Landmarks (iOS)" */;
			buildPhases = (
				AA880F8D260AF8F400208EE6 /* Sources */,
				AA880F8E260AF8F400208EE6 /* Frameworks */,
				AA880F8F260AF8F400208EE6 /* Resources */,
			);
			buildRules = (
			);
			dependencies = (
			);
			name = "Landmarks (iOS)";
			productName = "Landmarks (iOS)";
			productReference = AA880F91260AF8F400208EE6 /* Landmarks.app */;
			productType = "com.apple.product-type.application";
		};
		AA880F98260AF8F400208EE6 /* Landmarks (macOS) */ = {
			isa = PBXNativeTarget;
			buildConfigurationList = AA880FBE260AF8F400208EE6 /* Build configuration list for PBXNativeTarget "Landmarks (macOS)" */;
			buildPhases = (
				AA880F95260AF8F400208EE6 /* Sources */,
				AA880F96260AF8F400208EE6 /* Frameworks */,
				AA880F97260AF8F400208EE6 /* Resources */,
			);
			buildRules = (
			);
			dependencies = (
			);
			name = "Landmarks (macOS)";
			productName = "Landmarks (macOS)";
			productReference = AA880F99260AF8F400208EE6 /* Landmarks.app */;
			productType = "com.apple.product-type.application";
		};
		AA880FA0260AF8F400208EE6 /* Tests iOS */ = {
			isa = PBXNativeTarget;
			buildConfigurationList = AA880FC1260AF8F400208EE6 /* Build configuration list for PBXNativeTarget "Tests iOS" */;
			buildPhases = (
				AA880F9D260AF8F400208EE6 /* Sources */,
				AA880F9E260AF8F400208EE6 /* Frameworks */,
				AA880F9F260AF8F400208EE6 /* Resources */,
			);
			buildRules = (
			);
			dependencies = (
				AA880FA3260AF8F400208EE6 /* PBXTargetDependency */,
			);
			name = "Tests iOS";
			productName = "Tests iOS";
			productReference = AA880FA1260AF8F400208EE6 /* Tests iOS.xctest */;
			productType = "com.apple.product-type.bundle.ui-testing";
		};
		AA880FAB260AF8F400208EE6 /* Tests macOS */ = {
			isa = PBXNativeTarget;
			buildConfigurationList = AA880FC4260AF8F400208EE6 /* Build configuration list for PBXNativeTarget "Tests macOS" */;
			buildPhases = (
				AA880FA8260AF8F400208EE6 /* Sources */,
				AA880FA9260AF8F400208EE6 /* Frameworks */,
				AA880FAA260AF8F400208EE6 /* Resources */,
			);
			buildRules = (
			);
			dependencies = (
				AA880FAE260AF8F400208EE6 /* PBXTargetDependency */,
			);
			name = "Tests macOS";
			productName = "Tests macOS";
			productReference = AA880FAC260AF8F400208EE6 /* Tests macOS.xctest */;
			productType = "com.apple.product-type.bundle.ui-testing";
		};
/* End PBXNativeTarget section */

/* Begin PBXProject section */
		AA880F85260AF8F400208EE6 /* Project object */ = {
			isa = PBXProject;
			attributes = {
				LastSwiftUpdateCheck = 1240;
				LastUpgradeCheck = 1240;
				TargetAttributes = {
					AA880F90260AF8F400208EE6 = {
						CreatedOnToolsVersion = 12.4;
					};
					AA880F98260AF8F400208EE6 = {
						CreatedOnToolsVersion = 12.4;
					};
					AA880FA0260AF8F400208EE6 = {
						CreatedOnToolsVersion = 12.4;
						TestTargetID = AA880F90260AF8F400208EE6;
					};
					AA880FAB260AF8F400208EE6 = {
						CreatedOnToolsVersion = 12.4;
						TestTargetID = AA880F98260AF8F400208EE6;
					};
				};
			};
			buildConfigurationList = AA880F88260AF8F400208EE6 /* Build configuration list for PBXProject "Landmarks" */;
			compatibilityVersion = "Xcode 9.3";
			developmentRegion = en;
			hasScannedForEncodings = 0;
			knownRegions = (
				en,
				Base,
			);
			mainGroup = AA880F84260AF8F400208EE6;
			productRefGroup = AA880F92260AF8F400208EE6 /* Products */;
			projectDirPath = "";
			projectRoot = "";
			targets = (
				AA880F90260AF8F400208EE6 /* Landmarks (iOS) */,
				AA880F98260AF8F400208EE6 /* Landmarks (macOS) */,
				AA880FA0260AF8F400208EE6 /* Tests iOS */,
				AA880FAB260AF8F400208EE6 /* Tests macOS */,
			);
		};
/* End PBXProject section */

/* Begin PBXResourcesBuildPhase section */
		AA880F8F260AF8F400208EE6 /* Resources */ = {
			isa = PBXResourcesBuildPhase;
			buildActionMask = 2147483647;
			files = (
				AA880FB7260AF8F400208EE6 /* Assets.xcassets in Resources */,
			);
			runOnlyForDeploymentPostprocessing = 0;
		};
		AA880F97260AF8F400208EE6 /* Resources */ = {
			isa = PBXResourcesBuildPhase;
			buildActionMask = 2147483647;
			files = (
				AA880FB8260AF8F400208EE6 /* Assets.xcassets in Resources */,
			);
			runOnlyForDeploymentPostprocessing = 0;
		};
		AA880F9F260AF8F400208EE6 /* Resources */ = {
			isa = PBXResourcesBuildPhase;
			buildActionMask = 2147483647;
			files = (
			);
			runOnlyForDeploymentPostprocessing = 0;
		};
		AA880FAA260AF8F400208EE6 /* Resources */ = {
			isa = PBXResourcesBuildPhase;
			buildActionMask = 2147483647;
			files = (
			);
			runOnlyForDeploymentPostprocessing = 0;
		};
/* End PBXResourcesBuildPhase section */

/* Begin PBXSourcesBuildPhase section */
		AA880F8D260AF8F400208EE6 /* Sources */ = {
			isa = PBXSourcesBuildPhase;
			buildActionMask = 2147483647;
			files = (
				AA880FB5260AF8F400208EE6 /* ContentView.swift in Sources */,
				AA71FEF5260B358900AB153D /* MapView.swift in Sources */,
				AA880FB3260AF8F400208EE6 /* LandmarksApp.swift in Sources */,
				AA71FEEE260B30D900AB153D /* CircleImage.swift in Sources */,
			);
			runOnlyForDeploymentPostprocessing = 0;
		};
		AA880F95260AF8F400208EE6 /* Sources */ = {
			isa = PBXSourcesBuildPhase;
			buildActionMask = 2147483647;
			files = (
				AA880FB6260AF8F400208EE6 /* ContentView.swift in Sources */,
				AA71FEF6260B358900AB153D /* MapView.swift in Sources */,
				AA880FB4260AF8F400208EE6 /* LandmarksApp.swift in Sources */,
				AA71FEEF260B30D900AB153D /* CircleImage.swift in Sources */,
			);
			runOnlyForDeploymentPostprocessing = 0;
		};
		AA880F9D260AF8F400208EE6 /* Sources */ = {
			isa = PBXSourcesBuildPhase;
			buildActionMask = 2147483647;
			files = (
				AA880FA6260AF8F400208EE6 /* Tests_iOS.swift in Sources */,
			);
			runOnlyForDeploymentPostprocessing = 0;
		};
		AA880FA8260AF8F400208EE6 /* Sources */ = {
			isa = PBXSourcesBuildPhase;
			buildActionMask = 2147483647;
			files = (
				AA880FB1260AF8F400208EE6 /* Tests_macOS.swift in Sources */,
			);
			runOnlyForDeploymentPostprocessing = 0;
		};
/* End PBXSourcesBuildPhase section */

/* Begin PBXTargetDependency section */
		AA880FA3260AF8F400208EE6 /* PBXTargetDependency */ = {
			isa = PBXTargetDependency;
			target = AA880F90260AF8F400208EE6 /* Landmarks (iOS) */;
			targetProxy = AA880FA2260AF8F400208EE6 /* PBXContainerItemProxy */;
		};
		AA880FAE260AF8F400208EE6 /* PBXTargetDependency */ = {
			isa = PBXTargetDependency;
			target = AA880F98260AF8F400208EE6 /* Landmarks (macOS) */;
			targetProxy = AA880FAD260AF8F400208EE6 /* PBXContainerItemProxy */;
		};
/* End PBXTargetDependency section */

/* Begin XCBuildConfiguration section */
		AA880FB9260AF8F400208EE6 /* Debug */ = {
			isa = XCBuildConfiguration;
			buildSettings = {
				ALWAYS_SEARCH_USER_PATHS = NO;
				CLANG_ANALYZER_NONNULL = YES;
				CLANG_ANALYZER_NUMBER_OBJECT_CONVERSION = YES_AGGRESSIVE;
				CLANG_CXX_LANGUAGE_STANDARD = "gnu++14";
				CLANG_CXX_LIBRARY = "libc++";
				CLANG_ENABLE_MODULES = YES;
				CLANG_ENABLE_OBJC_ARC = YES;
				CLANG_ENABLE_OBJC_WEAK = YES;
				CLANG_WARN_BLOCK_CAPTURE_AUTORELEASING = YES;
				CLANG_WARN_BOOL_CONVERSION = YES;
				CLANG_WARN_COMMA = YES;
				CLANG_WARN_CONSTANT_CONVERSION = YES;
				CLANG_WARN_DEPRECATED_OBJC_IMPLEMENTATIONS = YES;
				CLANG_WARN_DIRECT_OBJC_ISA_USAGE = YES_ERROR;
				CLANG_WARN_DOCUMENTATION_COMMENTS = YES;
				CLANG_WARN_EMPTY_BODY = YES;
				CLANG_WARN_ENUM_CONVERSION = YES;
				CLANG_WARN_INFINITE_RECURSION = YES;
				CLANG_WARN_INT_CONVERSION = YES;
				CLANG_WARN_NON_LITERAL_NULL_CONVERSION = YES;
				CLANG_WARN_OBJC_IMPLICIT_RETAIN_SELF = YES;
				CLANG_WARN_OBJC_LITERAL_CONVERSION = YES;
				CLANG_WARN_OBJC_ROOT_CLASS = YES_ERROR;
				CLANG_WARN_QUOTED_INCLUDE_IN_FRAMEWORK_HEADER = YES;
				CLANG_WARN_RANGE_LOOP_ANALYSIS = YES;
				CLANG_WARN_STRICT_PROTOTYPES = YES;
				CLANG_WARN_SUSPICIOUS_MOVE = YES;
				CLANG_WARN_UNGUARDED_AVAILABILITY = YES_AGGRESSIVE;
				CLANG_WARN_UNREACHABLE_CODE = YES;
				CLANG_WARN__DUPLICATE_METHOD_MATCH = YES;
				COPY_PHASE_STRIP = NO;
				DEBUG_INFORMATION_FORMAT = dwarf;
				ENABLE_STRICT_OBJC_MSGSEND = YES;
				ENABLE_TESTABILITY = YES;
				GCC_C_LANGUAGE_STANDARD = gnu11;
				GCC_DYNAMIC_NO_PIC = NO;
				GCC_NO_COMMON_BLOCKS = YES;
				GCC_OPTIMIZATION_LEVEL = 0;
				GCC_PREPROCESSOR_DEFINITIONS = (
					"DEBUG=1",
					"$(inherited)",
				);
				GCC_WARN_64_TO_32_BIT_CONVERSION = YES;
				GCC_WARN_ABOUT_RETURN_TYPE = YES_ERROR;
				GCC_WARN_UNDECLARED_SELECTOR = YES;
				GCC_WARN_UNINITIALIZED_AUTOS = YES_AGGRESSIVE;
				GCC_WARN_UNUSED_FUNCTION = YES;
				GCC_WARN_UNUSED_VARIABLE = YES;
				MTL_ENABLE_DEBUG_INFO = INCLUDE_SOURCE;
				MTL_FAST_MATH = YES;
				ONLY_ACTIVE_ARCH = YES;
				SWIFT_ACTIVE_COMPILATION_CONDITIONS = DEBUG;
				SWIFT_OPTIMIZATION_LEVEL = "-Onone";
			};
			name = Debug;
		};
		AA880FBA260AF8F400208EE6 /* Release */ = {
			isa = XCBuildConfiguration;
			buildSettings = {
				ALWAYS_SEARCH_USER_PATHS = NO;
				CLANG_ANALYZER_NONNULL = YES;
				CLANG_ANALYZER_NUMBER_OBJECT_CONVERSION = YES_AGGRESSIVE;
				CLANG_CXX_LANGUAGE_STANDARD = "gnu++14";
				CLANG_CXX_LIBRARY = "libc++";
				CLANG_ENABLE_MODULES = YES;
				CLANG_ENABLE_OBJC_ARC = YES;
				CLANG_ENABLE_OBJC_WEAK = YES;
				CLANG_WARN_BLOCK_CAPTURE_AUTORELEASING = YES;
				CLANG_WARN_BOOL_CONVERSION = YES;
				CLANG_WARN_COMMA = YES;
				CLANG_WARN_CONSTANT_CONVERSION = YES;
				CLANG_WARN_DEPRECATED_OBJC_IMPLEMENTATIONS = YES;
				CLANG_WARN_DIRECT_OBJC_ISA_USAGE = YES_ERROR;
				CLANG_WARN_DOCUMENTATION_COMMENTS = YES;
				CLANG_WARN_EMPTY_BODY = YES;
				CLANG_WARN_ENUM_CONVERSION = YES;
				CLANG_WARN_INFINITE_RECURSION = YES;
				CLANG_WARN_INT_CONVERSION = YES;
				CLANG_WARN_NON_LITERAL_NULL_CONVERSION = YES;
				CLANG_WARN_OBJC_IMPLICIT_RETAIN_SELF = YES;
				CLANG_WARN_OBJC_LITERAL_CONVERSION = YES;
				CLANG_WARN_OBJC_ROOT_CLASS = YES_ERROR;
				CLANG_WARN_QUOTED_INCLUDE_IN_FRAMEWORK_HEADER = YES;
				CLANG_WARN_RANGE_LOOP_ANALYSIS = YES;
				CLANG_WARN_STRICT_PROTOTYPES = YES;
				CLANG_WARN_SUSPICIOUS_MOVE = YES;
				CLANG_WARN_UNGUARDED_AVAILABILITY = YES_AGGRESSIVE;
				CLANG_WARN_UNREACHABLE_CODE = YES;
				CLANG_WARN__DUPLICATE_METHOD_MATCH = YES;
				COPY_PHASE_STRIP = NO;
				DEBUG_INFORMATION_FORMAT = "dwarf-with-dsym";
				ENABLE_NS_ASSERTIONS = NO;
				ENABLE_STRICT_OBJC_MSGSEND = YES;
				GCC_C_LANGUAGE_STANDARD = gnu11;
				GCC_NO_COMMON_BLOCKS = YES;
				GCC_WARN_64_TO_32_BIT_CONVERSION = YES;
				GCC_WARN_ABOUT_RETURN_TYPE = YES_ERROR;
				GCC_WARN_UNDECLARED_SELECTOR = YES;
				GCC_WARN_UNINITIALIZED_AUTOS = YES_AGGRESSIVE;
				GCC_WARN_UNUSED_FUNCTION = YES;
				GCC_WARN_UNUSED_VARIABLE = YES;
				MTL_ENABLE_DEBUG_INFO = NO;
				MTL_FAST_MATH = YES;
				SWIFT_COMPILATION_MODE = wholemodule;
				SWIFT_OPTIMIZATION_LEVEL = "-O";
			};
			name = Release;
		};
		AA880FBC260AF8F400208EE6 /* Debug */ = {
			isa = XCBuildConfiguration;
			buildSettings = {
				ASSETCATALOG_COMPILER_APPICON_NAME = AppIcon;
				ASSETCATALOG_COMPILER_GLOBAL_ACCENT_COLOR_NAME = AccentColor;
				CODE_SIGN_STYLE = Automatic;
				DEVELOPMENT_TEAM = F95D3DTGQ3;
				ENABLE_PREVIEWS = YES;
				INFOPLIST_FILE = iOS/Info.plist;
				IPHONEOS_DEPLOYMENT_TARGET = 14.0;
				LD_RUNPATH_SEARCH_PATHS = (
					"$(inherited)",
					"@executable_path/Frameworks",
				);
				PRODUCT_BUNDLE_IDENTIFIER = masakiokuno.Landmarks;
				PRODUCT_NAME = Landmarks;
				SDKROOT = iphoneos;
				SWIFT_VERSION = 5.0;
				TARGETED_DEVICE_FAMILY = "1,2";
			};
			name = Debug;
		};
		AA880FBD260AF8F400208EE6 /* Release */ = {
			isa = XCBuildConfiguration;
			buildSettings = {
				ASSETCATALOG_COMPILER_APPICON_NAME = AppIcon;
				ASSETCATALOG_COMPILER_GLOBAL_ACCENT_COLOR_NAME = AccentColor;
				CODE_SIGN_STYLE = Automatic;
				DEVELOPMENT_TEAM = F95D3DTGQ3;
				ENABLE_PREVIEWS = YES;
				INFOPLIST_FILE = iOS/Info.plist;
				IPHONEOS_DEPLOYMENT_TARGET = 14.0;
				LD_RUNPATH_SEARCH_PATHS = (
					"$(inherited)",
					"@executable_path/Frameworks",
				);
				PRODUCT_BUNDLE_IDENTIFIER = masakiokuno.Landmarks;
				PRODUCT_NAME = Landmarks;
				SDKROOT = iphoneos;
				SWIFT_VERSION = 5.0;
				TARGETED_DEVICE_FAMILY = "1,2";
				VALIDATE_PRODUCT = YES;
			};
			name = Release;
		};
		AA880FBF260AF8F400208EE6 /* Debug */ = {
			isa = XCBuildConfiguration;
			buildSettings = {
				ASSETCATALOG_COMPILER_APPICON_NAME = AppIcon;
				ASSETCATALOG_COMPILER_GLOBAL_ACCENT_COLOR_NAME = AccentColor;
				CODE_SIGN_ENTITLEMENTS = macOS/macOS.entitlements;
				CODE_SIGN_STYLE = Automatic;
				COMBINE_HIDPI_IMAGES = YES;
				DEVELOPMENT_TEAM = F95D3DTGQ3;
				ENABLE_HARDENED_RUNTIME = YES;
				ENABLE_PREVIEWS = YES;
				INFOPLIST_FILE = macOS/Info.plist;
				LD_RUNPATH_SEARCH_PATHS = (
					"$(inherited)",
					"@executable_path/../Frameworks",
				);
				MACOSX_DEPLOYMENT_TARGET = 11.0;
				PRODUCT_BUNDLE_IDENTIFIER = masakiokuno.Landmarks;
				PRODUCT_NAME = Landmarks;
				SDKROOT = macosx;
				SWIFT_VERSION = 5.0;
			};
			name = Debug;
		};
		AA880FC0260AF8F400208EE6 /* Release */ = {
			isa = XCBuildConfiguration;
			buildSettings = {
				ASSETCATALOG_COMPILER_APPICON_NAME = AppIcon;
				ASSETCATALOG_COMPILER_GLOBAL_ACCENT_COLOR_NAME = AccentColor;
				CODE_SIGN_ENTITLEMENTS = macOS/macOS.entitlements;
				CODE_SIGN_STYLE = Automatic;
				COMBINE_HIDPI_IMAGES = YES;
				DEVELOPMENT_TEAM = F95D3DTGQ3;
				ENABLE_HARDENED_RUNTIME = YES;
				ENABLE_PREVIEWS = YES;
				INFOPLIST_FILE = macOS/Info.plist;
				LD_RUNPATH_SEARCH_PATHS = (
					"$(inherited)",
					"@executable_path/../Frameworks",
				);
				MACOSX_DEPLOYMENT_TARGET = 11.0;
				PRODUCT_BUNDLE_IDENTIFIER = masakiokuno.Landmarks;
				PRODUCT_NAME = Landmarks;
				SDKROOT = macosx;
				SWIFT_VERSION = 5.0;
			};
			name = Release;
		};
		AA880FC2260AF8F400208EE6 /* Debug */ = {
			isa = XCBuildConfiguration;
			buildSettings = {
				ALWAYS_EMBED_SWIFT_STANDARD_LIBRARIES = YES;
				CODE_SIGN_STYLE = Automatic;
				DEVELOPMENT_TEAM = F95D3DTGQ3;
				INFOPLIST_FILE = "Tests iOS/Info.plist";
				IPHONEOS_DEPLOYMENT_TARGET = 14.4;
				LD_RUNPATH_SEARCH_PATHS = (
					"$(inherited)",
					"@executable_path/Frameworks",
					"@loader_path/Frameworks",
				);
				PRODUCT_BUNDLE_IDENTIFIER = "masakiokuno.Tests-iOS";
				PRODUCT_NAME = "$(TARGET_NAME)";
				SDKROOT = iphoneos;
				SWIFT_VERSION = 5.0;
				TARGETED_DEVICE_FAMILY = "1,2";
				TEST_TARGET_NAME = "Landmarks (iOS)";
			};
			name = Debug;
		};
		AA880FC3260AF8F400208EE6 /* Release */ = {
			isa = XCBuildConfiguration;
			buildSettings = {
				ALWAYS_EMBED_SWIFT_STANDARD_LIBRARIES = YES;
				CODE_SIGN_STYLE = Automatic;
				DEVELOPMENT_TEAM = F95D3DTGQ3;
				INFOPLIST_FILE = "Tests iOS/Info.plist";
				IPHONEOS_DEPLOYMENT_TARGET = 14.4;
				LD_RUNPATH_SEARCH_PATHS = (
					"$(inherited)",
					"@executable_path/Frameworks",
					"@loader_path/Frameworks",
				);
				PRODUCT_BUNDLE_IDENTIFIER = "masakiokuno.Tests-iOS";
				PRODUCT_NAME = "$(TARGET_NAME)";
				SDKROOT = iphoneos;
				SWIFT_VERSION = 5.0;
				TARGETED_DEVICE_FAMILY = "1,2";
				TEST_TARGET_NAME = "Landmarks (iOS)";
				VALIDATE_PRODUCT = YES;
			};
			name = Release;
		};
		AA880FC5260AF8F400208EE6 /* Debug */ = {
			isa = XCBuildConfiguration;
			buildSettings = {
				ALWAYS_EMBED_SWIFT_STANDARD_LIBRARIES = YES;
				CODE_SIGN_STYLE = Automatic;
				COMBINE_HIDPI_IMAGES = YES;
				DEVELOPMENT_TEAM = F95D3DTGQ3;
				INFOPLIST_FILE = "Tests macOS/Info.plist";
				LD_RUNPATH_SEARCH_PATHS = (
					"$(inherited)",
					"@executable_path/../Frameworks",
					"@loader_path/../Frameworks",
				);
				MACOSX_DEPLOYMENT_TARGET = 11.1;
				PRODUCT_BUNDLE_IDENTIFIER = "masakiokuno.Tests-macOS";
				PRODUCT_NAME = "$(TARGET_NAME)";
				SDKROOT = macosx;
				SWIFT_VERSION = 5.0;
				TEST_TARGET_NAME = "Landmarks (macOS)";
			};
			name = Debug;
		};
		AA880FC6260AF8F400208EE6 /* Release */ = {
			isa = XCBuildConfiguration;
			buildSettings = {
				ALWAYS_EMBED_SWIFT_STANDARD_LIBRARIES = YES;
				CODE_SIGN_STYLE = Automatic;
				COMBINE_HIDPI_IMAGES = YES;
				DEVELOPMENT_TEAM = F95D3DTGQ3;
				INFOPLIST_FILE = "Tests macOS/Info.plist";
				LD_RUNPATH_SEARCH_PATHS = (
					"$(inherited)",
					"@executable_path/../Frameworks",
					"@loader_path/../Frameworks",
				);
				MACOSX_DEPLOYMENT_TARGET = 11.1;
				PRODUCT_BUNDLE_IDENTIFIER = "masakiokuno.Tests-macOS";
				PRODUCT_NAME = "$(TARGET_NAME)";
				SDKROOT = macosx;
				SWIFT_VERSION = 5.0;
				TEST_TARGET_NAME = "Landmarks (macOS)";
			};
			name = Release;
		};
/* End XCBuildConfiguration section */

/* Begin XCConfigurationList section */
		AA880F88260AF8F400208EE6 /* Build configuration list for PBXProject "Landmarks" */ = {
			isa = XCConfigurationList;
			buildConfigurations = (
				AA880FB9260AF8F400208EE6 /* Debug */,
				AA880FBA260AF8F400208EE6 /* Release */,
			);
			defaultConfigurationIsVisible = 0;
			defaultConfigurationName = Release;
		};
		AA880FBB260AF8F400208EE6 /* Build configuration list for PBXNativeTarget "Landmarks (iOS)" */ = {
			isa = XCConfigurationList;
			buildConfigurations = (
				AA880FBC260AF8F400208EE6 /* Debug */,
				AA880FBD260AF8F400208EE6 /* Release */,
			);
			defaultConfigurationIsVisible = 0;
			defaultConfigurationName = Release;
		};
		AA880FBE260AF8F400208EE6 /* Build configuration list for PBXNativeTarget "Landmarks (macOS)" */ = {
			isa = XCConfigurationList;
			buildConfigurations = (
				AA880FBF260AF8F400208EE6 /* Debug */,
				AA880FC0260AF8F400208EE6 /* Release */,
			);
			defaultConfigurationIsVisible = 0;
			defaultConfigurationName = Release;
		};
		AA880FC1260AF8F400208EE6 /* Build configuration list for PBXNativeTarget "Tests iOS" */ = {
			isa = XCConfigurationList;
			buildConfigurations = (
				AA880FC2260AF8F400208EE6 /* Debug */,
				AA880FC3260AF8F400208EE6 /* Release */,
			);
			defaultConfigurationIsVisible = 0;
			defaultConfigurationName = Release;
		};
		AA880FC4260AF8F400208EE6 /* Build configuration list for PBXNativeTarget "Tests macOS" */ = {
			isa = XCConfigurationList;
			buildConfigurations = (
				AA880FC5260AF8F400208EE6 /* Debug */,
				AA880FC6260AF8F400208EE6 /* Release */,
			);
			defaultConfigurationIsVisible = 0;
			defaultConfigurationName = Release;
		};
/* End XCConfigurationList section */
	};
	rootObject = AA880F85260AF8F400208EE6 /* Project object */;
}
